
Microsoft Visual Studio Solution File, Format Version 12.00
# Visual Studio Version 16
VisualStudioVersion = 16.0.31605.320
MinimumVisualStudioVersion = 10.0.40219.1
Project("{FAE04EC0-301F-11D3-BF4B-00C04F79EFBC}") = "itf_trainingApp", "itf_trainingApp\itf_trainingApp.csproj", "{D2ADDF42-31ED-41BC-BB0C-94570EB0D0D8}"
EndProject
Global
	GlobalSection(SolutionConfigurationPlatforms) = preSolution
		Debug|Any CPU = Debug|Any CPU
		Release|Any CPU = Release|Any CPU
	EndGlobalSection
	GlobalSection(ProjectConfigurationPlatforms) = postSolution
		{D2ADDF42-31ED-41BC-BB0C-94570EB0D0D8}.Debug|Any CPU.ActiveCfg = Debug|Any CPU
		{D2ADDF42-31ED-41BC-BB0C-94570EB0D0D8}.Debug|Any CPU.Build.0 = Debug|Any CPU
		{D2ADDF42-31ED-41BC-BB0C-94570EB0D0D8}.Release|Any CPU.ActiveCfg = Release|Any CPU
		{D2ADDF42-31ED-41BC-BB0C-94570EB0D0D8}.Release|Any CPU.Build.0 = Release|Any CPU
	EndGlobalSection
	GlobalSection(SolutionProperties) = preSolution
		HideSolutionNode = FALSE
	EndGlobalSection
	GlobalSection(ExtensibilityGlobals) = postSolution
		SolutionGuid = {A7039903-80BA-4536-84B8-42A0249A6210}
	EndGlobalSection
EndGlobal
